
Microsoft Visual Studio Solution File, Format Version 12.00
# Visual Studio Version 16
VisualStudioVersion = 16.0.31112.23
MinimumVisualStudioVersion = 10.0.40219.1
Project("{FAE04EC0-301F-11D3-BF4B-00C04F79EFBC}") = "LawFirmView", "LawFirm\LawFirmView.csproj", "{F0BCD125-312E-4902-B59A-91FE7D147AEF}"
EndProject
Project("{9A19103F-16F7-4668-BE54-9A1E7A4F7556}") = "LawFirmBusinessLogic", "LawFirmBusinessLogic\LawFirmBusinessLogic.csproj", "{6CB34952-F256-457B-A1E1-DD82262BB246}"
EndProject
Project("{9A19103F-16F7-4668-BE54-9A1E7A4F7556}") = "LawFirmListImplements", "LawFirmListImplements\LawFirmListImplements.csproj", "{B954B190-C77C-47AE-A318-D24D227E6EFA}"
EndProject
Project("{9A19103F-16F7-4668-BE54-9A1E7A4F7556}") = "LawFirmFileImplement", "LawFirmFileImplement\LawFirmFileImplement.csproj", "{05B1FE54-2459-4248-A618-C94EFC628562}"
EndProject
Project("{9A19103F-16F7-4668-BE54-9A1E7A4F7556}") = "LawFirmDatabaseImplement", "LawFirmDatabaseImplement\LawFirmDatabaseImplement.csproj", "{46F92C26-A6EA-4643-A90F-A5184F7570DF}"
EndProject
Project("{9A19103F-16F7-4668-BE54-9A1E7A4F7556}") = "LawFirmClientApp", "LawFirmClientApp\LawFirmClientApp.csproj", "{458BE0BB-6D0A-41DA-8953-BE645658F916}"
EndProject
Project("{9A19103F-16F7-4668-BE54-9A1E7A4F7556}") = "LawFirmRestApi", "LawFirmRestApi\LawFirmRestApi.csproj", "{FF03155A-D42E-4337-B536-0FA4CC89C69A}"
EndProject
Project("{FAE04EC0-301F-11D3-BF4B-00C04F79EFBC}") = "LawFirmStorageManagerApp", "LawFirmStorageManagerApp\LawFirmStorageManagerApp.csproj", "{408E9EBA-AB85-4056-B041-67B28A48A8DE}"
EndProject
Global
	GlobalSection(SolutionConfigurationPlatforms) = preSolution
		Debug|Any CPU = Debug|Any CPU
		Release|Any CPU = Release|Any CPU
	EndGlobalSection
	GlobalSection(ProjectConfigurationPlatforms) = postSolution
		{F0BCD125-312E-4902-B59A-91FE7D147AEF}.Debug|Any CPU.ActiveCfg = Debug|Any CPU
		{F0BCD125-312E-4902-B59A-91FE7D147AEF}.Debug|Any CPU.Build.0 = Debug|Any CPU
		{F0BCD125-312E-4902-B59A-91FE7D147AEF}.Release|Any CPU.ActiveCfg = Release|Any CPU
		{F0BCD125-312E-4902-B59A-91FE7D147AEF}.Release|Any CPU.Build.0 = Release|Any CPU
		{6CB34952-F256-457B-A1E1-DD82262BB246}.Debug|Any CPU.ActiveCfg = Debug|Any CPU
		{6CB34952-F256-457B-A1E1-DD82262BB246}.Debug|Any CPU.Build.0 = Debug|Any CPU
		{6CB34952-F256-457B-A1E1-DD82262BB246}.Release|Any CPU.ActiveCfg = Release|Any CPU
		{6CB34952-F256-457B-A1E1-DD82262BB246}.Release|Any CPU.Build.0 = Release|Any CPU
		{B954B190-C77C-47AE-A318-D24D227E6EFA}.Debug|Any CPU.ActiveCfg = Debug|Any CPU
		{B954B190-C77C-47AE-A318-D24D227E6EFA}.Debug|Any CPU.Build.0 = Debug|Any CPU
		{B954B190-C77C-47AE-A318-D24D227E6EFA}.Release|Any CPU.ActiveCfg = Release|Any CPU
		{B954B190-C77C-47AE-A318-D24D227E6EFA}.Release|Any CPU.Build.0 = Release|Any CPU
		{05B1FE54-2459-4248-A618-C94EFC628562}.Debug|Any CPU.ActiveCfg = Debug|Any CPU
		{05B1FE54-2459-4248-A618-C94EFC628562}.Debug|Any CPU.Build.0 = Debug|Any CPU
		{05B1FE54-2459-4248-A618-C94EFC628562}.Release|Any CPU.ActiveCfg = Release|Any CPU
		{05B1FE54-2459-4248-A618-C94EFC628562}.Release|Any CPU.Build.0 = Release|Any CPU
		{46F92C26-A6EA-4643-A90F-A5184F7570DF}.Debug|Any CPU.ActiveCfg = Debug|Any CPU
		{46F92C26-A6EA-4643-A90F-A5184F7570DF}.Debug|Any CPU.Build.0 = Debug|Any CPU
		{46F92C26-A6EA-4643-A90F-A5184F7570DF}.Release|Any CPU.ActiveCfg = Release|Any CPU
		{46F92C26-A6EA-4643-A90F-A5184F7570DF}.Release|Any CPU.Build.0 = Release|Any CPU
		{458BE0BB-6D0A-41DA-8953-BE645658F916}.Debug|Any CPU.ActiveCfg = Debug|Any CPU
		{458BE0BB-6D0A-41DA-8953-BE645658F916}.Debug|Any CPU.Build.0 = Debug|Any CPU
		{458BE0BB-6D0A-41DA-8953-BE645658F916}.Release|Any CPU.ActiveCfg = Release|Any CPU
		{458BE0BB-6D0A-41DA-8953-BE645658F916}.Release|Any CPU.Build.0 = Release|Any CPU
		{FF03155A-D42E-4337-B536-0FA4CC89C69A}.Debug|Any CPU.ActiveCfg = Debug|Any CPU
		{FF03155A-D42E-4337-B536-0FA4CC89C69A}.Debug|Any CPU.Build.0 = Debug|Any CPU
		{FF03155A-D42E-4337-B536-0FA4CC89C69A}.Release|Any CPU.ActiveCfg = Release|Any CPU
		{FF03155A-D42E-4337-B536-0FA4CC89C69A}.Release|Any CPU.Build.0 = Release|Any CPU
		{408E9EBA-AB85-4056-B041-67B28A48A8DE}.Debug|Any CPU.ActiveCfg = Debug|Any CPU
		{408E9EBA-AB85-4056-B041-67B28A48A8DE}.Debug|Any CPU.Build.0 = Debug|Any CPU
		{408E9EBA-AB85-4056-B041-67B28A48A8DE}.Release|Any CPU.ActiveCfg = Release|Any CPU
		{408E9EBA-AB85-4056-B041-67B28A48A8DE}.Release|Any CPU.Build.0 = Release|Any CPU
	EndGlobalSection
	GlobalSection(SolutionProperties) = preSolution
		HideSolutionNode = FALSE
	EndGlobalSection
	GlobalSection(ExtensibilityGlobals) = postSolution
		SolutionGuid = {4E3B25BE-3BF9-4278-861D-76942E5157DE}
	EndGlobalSection
EndGlobal
